
Microsoft Visual Studio Solution File, Format Version 12.00
Project("{FAE04EC0-301F-11D3-BF4B-00C04F79EFBC}") = "AsyncAwaitPitfall", "AsyncAwaitPitfall\AsyncAwaitPitfall.csproj", "{CC733F14-1193-4D47-BEDC-39E2A9143AEF}"
EndProject
Global
	GlobalSection(SolutionConfigurationPlatforms) = preSolution
		Debug|Any CPU = Debug|Any CPU
		Release|Any CPU = Release|Any CPU
	EndGlobalSection
	GlobalSection(ProjectConfigurationPlatforms) = postSolution
		{CC733F14-1193-4D47-BEDC-39E2A9143AEF}.Debug|Any CPU.ActiveCfg = Debug|Any CPU
		{CC733F14-1193-4D47-BEDC-39E2A9143AEF}.Debug|Any CPU.Build.0 = Debug|Any CPU
		{CC733F14-1193-4D47-BEDC-39E2A9143AEF}.Release|Any CPU.ActiveCfg = Release|Any CPU
		{CC733F14-1193-4D47-BEDC-39E2A9143AEF}.Release|Any CPU.Build.0 = Release|Any CPU
	EndGlobalSection
EndGlobal
